// !$*UTF8*$!
{
	archiveVersion = 1;
	classes = {
	};
	objectVersion = 70;
	objects = {

/* Begin PBXBuildFile section */
		00636A972C9942E7002EB702 /* MoodiaryApp.swift in Sources */ = {isa = PBXBuildFile; fileRef = 00636A962C9942E7002EB702 /* MoodiaryApp.swift */; };
		00636A9D2C9942E9002EB702 /* Assets.xcassets in Resources */ = {isa = PBXBuildFile; fileRef = 00636A9C2C9942E9002EB702 /* Assets.xcassets */; };
		00636AA02C9942E9002EB702 /* Preview Assets.xcassets in Resources */ = {isa = PBXBuildFile; fileRef = 00636A9F2C9942E9002EB702 /* Preview Assets.xcassets */; };
		00C643072CC92CAE00156FB1 /* CombineMoya in Frameworks */ = {isa = PBXBuildFile; productRef = 00C643062CC92CAE00156FB1 /* CombineMoya */; };
		00C643092CC92CAE00156FB1 /* Moya in Frameworks */ = {isa = PBXBuildFile; productRef = 00C643082CC92CAE00156FB1 /* Moya */; };
		00C6430B2CC92CAE00156FB1 /* ReactiveMoya in Frameworks */ = {isa = PBXBuildFile; productRef = 00C6430A2CC92CAE00156FB1 /* ReactiveMoya */; };
		00C6430D2CC92CAE00156FB1 /* RxMoya in Frameworks */ = {isa = PBXBuildFile; productRef = 00C6430C2CC92CAE00156FB1 /* RxMoya */; };
		E38F72802CCA32FC002F9BE8 /* Localizable.xcstrings in Resources */ = {isa = PBXBuildFile; fileRef = E38F727F2CCA32FC002F9BE8 /* Localizable.xcstrings */; };
		E38F728B2CCA34EB002F9BE8 /* TodayViewModel.swift in Sources */ = {isa = PBXBuildFile; fileRef = E38F728A2CCA34EB002F9BE8 /* TodayViewModel.swift */; };
/* End PBXBuildFile section */

/* Begin PBXFileReference section */
		00636A932C9942E7002EB702 /* Moodiary.app */ = {isa = PBXFileReference; explicitFileType = wrapper.application; includeInIndex = 0; path = Moodiary.app; sourceTree = BUILT_PRODUCTS_DIR; };
		00636A962C9942E7002EB702 /* MoodiaryApp.swift */ = {isa = PBXFileReference; lastKnownFileType = sourcecode.swift; path = MoodiaryApp.swift; sourceTree = "<group>"; };
		00636A9C2C9942E9002EB702 /* Assets.xcassets */ = {isa = PBXFileReference; lastKnownFileType = folder.assetcatalog; path = Assets.xcassets; sourceTree = "<group>"; };
		00636A9F2C9942E9002EB702 /* Preview Assets.xcassets */ = {isa = PBXFileReference; lastKnownFileType = folder.assetcatalog; path = "Preview Assets.xcassets"; sourceTree = "<group>"; };
		E38F727F2CCA32FC002F9BE8 /* Localizable.xcstrings */ = {isa = PBXFileReference; lastKnownFileType = text.json.xcstrings; path = Localizable.xcstrings; sourceTree = "<group>"; };
		E38F728A2CCA34EB002F9BE8 /* TodayViewModel.swift */ = {isa = PBXFileReference; lastKnownFileType = sourcecode.swift; path = TodayViewModel.swift; sourceTree = "<group>"; };
		E38F72DD2CCBDB73002F9BE8 /* Info.plist */ = {isa = PBXFileReference; lastKnownFileType = text.plist; path = Info.plist; sourceTree = "<group>"; };
/* End PBXFileReference section */

/* Begin PBXFileSystemSynchronizedRootGroup section */
		00C642F92CC92BEA00156FB1 /* Services */ = {isa = PBXFileSystemSynchronizedRootGroup; explicitFileTypes = {}; explicitFolders = (); path = Services; sourceTree = "<group>"; };
		00C643002CC92C0B00156FB1 /* View */ = {isa = PBXFileSystemSynchronizedRootGroup; explicitFileTypes = {}; explicitFolders = (); path = View; sourceTree = "<group>"; };
		00C643102CC92D2900156FB1 /* Models */ = {isa = PBXFileSystemSynchronizedRootGroup; explicitFileTypes = {}; explicitFolders = (); path = Models; sourceTree = "<group>"; };
		E35682822CCCDF1500697969 /* Tools */ = {isa = PBXFileSystemSynchronizedRootGroup; explicitFileTypes = {}; explicitFolders = (); path = Tools; sourceTree = "<group>"; };
/* End PBXFileSystemSynchronizedRootGroup section */

/* Begin PBXFrameworksBuildPhase section */
		00636A902C9942E7002EB702 /* Frameworks */ = {
			isa = PBXFrameworksBuildPhase;
			buildActionMask = 2147483647;
			files = (
				00C643092CC92CAE00156FB1 /* Moya in Frameworks */,
				00C643072CC92CAE00156FB1 /* CombineMoya in Frameworks */,
				00C6430D2CC92CAE00156FB1 /* RxMoya in Frameworks */,
				00C6430B2CC92CAE00156FB1 /* ReactiveMoya in Frameworks */,
			);
			runOnlyForDeploymentPostprocessing = 0;
		};
/* End PBXFrameworksBuildPhase section */

/* Begin PBXGroup section */
		00636A8A2C9942E7002EB702 = {
			isa = PBXGroup;
			children = (
				00636A952C9942E7002EB702 /* Moodiary */,
				00636A942C9942E7002EB702 /* Products */,
			);
			sourceTree = "<group>";
		};
		00636A942C9942E7002EB702 /* Products */ = {
			isa = PBXGroup;
			children = (
				00636A932C9942E7002EB702 /* Moodiary.app */,
			);
			name = Products;
			sourceTree = "<group>";
		};
		00636A952C9942E7002EB702 /* Moodiary */ = {
			isa = PBXGroup;
			children = (
				E35682822CCCDF1500697969 /* Tools */,
				E38F72DD2CCBDB73002F9BE8 /* Info.plist */,
				E38F72892CCA34E0002F9BE8 /* ViewModel */,
				00C642F92CC92BEA00156FB1 /* Services */,
				00C643002CC92C0B00156FB1 /* View */,
				00C643102CC92D2900156FB1 /* Models */,
				00636A962C9942E7002EB702 /* MoodiaryApp.swift */,
				E38F727F2CCA32FC002F9BE8 /* Localizable.xcstrings */,
				00636A9C2C9942E9002EB702 /* Assets.xcassets */,
				00636A9E2C9942E9002EB702 /* Preview Content */,
			);
			path = Moodiary;
			sourceTree = "<group>";
		};
		00636A9E2C9942E9002EB702 /* Preview Content */ = {
			isa = PBXGroup;
			children = (
				00636A9F2C9942E9002EB702 /* Preview Assets.xcassets */,
			);
			path = "Preview Content";
			sourceTree = "<group>";
		};
		E38F72892CCA34E0002F9BE8 /* ViewModel */ = {
			isa = PBXGroup;
			children = (
				E38F728A2CCA34EB002F9BE8 /* TodayViewModel.swift */,
			);
			path = ViewModel;
			sourceTree = "<group>";
		};
/* End PBXGroup section */

/* Begin PBXNativeTarget section */
		00636A922C9942E7002EB702 /* Moodiary */ = {
			isa = PBXNativeTarget;
			buildConfigurationList = 00636AA32C9942E9002EB702 /* Build configuration list for PBXNativeTarget "Moodiary" */;
			buildPhases = (
				00636A8F2C9942E7002EB702 /* Sources */,
				00636A902C9942E7002EB702 /* Frameworks */,
				00636A912C9942E7002EB702 /* Resources */,
			);
			buildRules = (
			);
			dependencies = (
			);
			fileSystemSynchronizedGroups = (
				00C642F92CC92BEA00156FB1 /* Services */,
				00C643002CC92C0B00156FB1 /* View */,
				00C643102CC92D2900156FB1 /* Models */,
				E35682822CCCDF1500697969 /* Tools */,
			);
			name = Moodiary;
			productName = Moodiary;
			productReference = 00636A932C9942E7002EB702 /* Moodiary.app */;
			productType = "com.apple.product-type.application";
		};
/* End PBXNativeTarget section */

/* Begin PBXProject section */
		00636A8B2C9942E7002EB702 /* Project object */ = {
			isa = PBXProject;
			attributes = {
				BuildIndependentTargetsInParallel = 1;
				LastSwiftUpdateCheck = 1540;
				LastUpgradeCheck = 1540;
				TargetAttributes = {
					00636A922C9942E7002EB702 = {
						CreatedOnToolsVersion = 15.4;
					};
				};
			};
			buildConfigurationList = 00636A8E2C9942E7002EB702 /* Build configuration list for PBXProject "Moodiary" */;
			compatibilityVersion = "Xcode 14.0";
			developmentRegion = en;
			hasScannedForEncodings = 0;
			knownRegions = (
				en,
				Base,
				"zh-Hans",
			);
			mainGroup = 00636A8A2C9942E7002EB702;
			packageReferences = (
				00C643052CC92CAE00156FB1 /* XCRemoteSwiftPackageReference "Moya" */,
			);
			productRefGroup = 00636A942C9942E7002EB702 /* Products */;
			projectDirPath = "";
			projectRoot = "";
			targets = (
				00636A922C9942E7002EB702 /* Moodiary */,
			);
		};
/* End PBXProject section */

/* Begin PBXResourcesBuildPhase section */
		00636A912C9942E7002EB702 /* Resources */ = {
			isa = PBXResourcesBuildPhase;
			buildActionMask = 2147483647;
			files = (
				00636AA02C9942E9002EB702 /* Preview Assets.xcassets in Resources */,
				00636A9D2C9942E9002EB702 /* Assets.xcassets in Resources */,
				E38F72802CCA32FC002F9BE8 /* Localizable.xcstrings in Resources */,
			);
			runOnlyForDeploymentPostprocessing = 0;
		};
/* End PBXResourcesBuildPhase section */

/* Begin PBXSourcesBuildPhase section */
		00636A8F2C9942E7002EB702 /* Sources */ = {
			isa = PBXSourcesBuildPhase;
			buildActionMask = 2147483647;
			files = (
				E38F728B2CCA34EB002F9BE8 /* TodayViewModel.swift in Sources */,
				00636A972C9942E7002EB702 /* MoodiaryApp.swift in Sources */,
			);
			runOnlyForDeploymentPostprocessing = 0;
		};
/* End PBXSourcesBuildPhase section */

/* Begin XCBuildConfiguration section */
		00636AA12C9942E9002EB702 /* Debug */ = {
			isa = XCBuildConfiguration;
			buildSettings = {
				ALWAYS_SEARCH_USER_PATHS = NO;
				ASSETCATALOG_COMPILER_GENERATE_SWIFT_ASSET_SYMBOL_EXTENSIONS = YES;
				CLANG_ANALYZER_NONNULL = YES;
				CLANG_ANALYZER_NUMBER_OBJECT_CONVERSION = YES_AGGRESSIVE;
				CLANG_CXX_LANGUAGE_STANDARD = "gnu++20";
				CLANG_ENABLE_MODULES = YES;
				CLANG_ENABLE_OBJC_ARC = YES;
				CLANG_ENABLE_OBJC_WEAK = YES;
				CLANG_WARN_BLOCK_CAPTURE_AUTORELEASING = YES;
				CLANG_WARN_BOOL_CONVERSION = YES;
				CLANG_WARN_COMMA = YES;
				CLANG_WARN_CONSTANT_CONVERSION = YES;
				CLANG_WARN_DEPRECATED_OBJC_IMPLEMENTATIONS = YES;
				CLANG_WARN_DIRECT_OBJC_ISA_USAGE = YES_ERROR;
				CLANG_WARN_DOCUMENTATION_COMMENTS = YES;
				CLANG_WARN_EMPTY_BODY = YES;
				CLANG_WARN_ENUM_CONVERSION = YES;
				CLANG_WARN_INFINITE_RECURSION = YES;
				CLANG_WARN_INT_CONVERSION = YES;
				CLANG_WARN_NON_LITERAL_NULL_CONVERSION = YES;
				CLANG_WARN_OBJC_IMPLICIT_RETAIN_SELF = YES;
				CLANG_WARN_OBJC_LITERAL_CONVERSION = YES;
				CLANG_WARN_OBJC_ROOT_CLASS = YES_ERROR;
				CLANG_WARN_QUOTED_INCLUDE_IN_FRAMEWORK_HEADER = YES;
				CLANG_WARN_RANGE_LOOP_ANALYSIS = YES;
				CLANG_WARN_STRICT_PROTOTYPES = YES;
				CLANG_WARN_SUSPICIOUS_MOVE = YES;
				CLANG_WARN_UNGUARDED_AVAILABILITY = YES_AGGRESSIVE;
				CLANG_WARN_UNREACHABLE_CODE = YES;
				CLANG_WARN__DUPLICATE_METHOD_MATCH = YES;
				COPY_PHASE_STRIP = NO;
				DEBUG_INFORMATION_FORMAT = dwarf;
				ENABLE_STRICT_OBJC_MSGSEND = YES;
				ENABLE_TESTABILITY = YES;
				ENABLE_USER_SCRIPT_SANDBOXING = YES;
				GCC_C_LANGUAGE_STANDARD = gnu17;
				GCC_DYNAMIC_NO_PIC = NO;
				GCC_NO_COMMON_BLOCKS = YES;
				GCC_OPTIMIZATION_LEVEL = 0;
				GCC_PREPROCESSOR_DEFINITIONS = (
					"DEBUG=1",
					"$(inherited)",
				);
				GCC_WARN_64_TO_32_BIT_CONVERSION = YES;
				GCC_WARN_ABOUT_RETURN_TYPE = YES_ERROR;
				GCC_WARN_UNDECLARED_SELECTOR = YES;
				GCC_WARN_UNINITIALIZED_AUTOS = YES_AGGRESSIVE;
				GCC_WARN_UNUSED_FUNCTION = YES;
				GCC_WARN_UNUSED_VARIABLE = YES;
				IPHONEOS_DEPLOYMENT_TARGET = 17.5;
				LOCALIZATION_PREFERS_STRING_CATALOGS = YES;
				MTL_ENABLE_DEBUG_INFO = INCLUDE_SOURCE;
				MTL_FAST_MATH = YES;
				ONLY_ACTIVE_ARCH = YES;
				SDKROOT = iphoneos;
				SWIFT_ACTIVE_COMPILATION_CONDITIONS = "DEBUG $(inherited)";
				SWIFT_EMIT_LOC_STRINGS = YES;
				SWIFT_OPTIMIZATION_LEVEL = "-Onone";
			};
			name = Debug;
		};
		00636AA22C9942E9002EB702 /* Release */ = {
			isa = XCBuildConfiguration;
			buildSettings = {
				ALWAYS_SEARCH_USER_PATHS = NO;
				ASSETCATALOG_COMPILER_GENERATE_SWIFT_ASSET_SYMBOL_EXTENSIONS = YES;
				CLANG_ANALYZER_NONNULL = YES;
				CLANG_ANALYZER_NUMBER_OBJECT_CONVERSION = YES_AGGRESSIVE;
				CLANG_CXX_LANGUAGE_STANDARD = "gnu++20";
				CLANG_ENABLE_MODULES = YES;
				CLANG_ENABLE_OBJC_ARC = YES;
				CLANG_ENABLE_OBJC_WEAK = YES;
				CLANG_WARN_BLOCK_CAPTURE_AUTORELEASING = YES;
				CLANG_WARN_BOOL_CONVERSION = YES;
				CLANG_WARN_COMMA = YES;
				CLANG_WARN_CONSTANT_CONVERSION = YES;
				CLANG_WARN_DEPRECATED_OBJC_IMPLEMENTATIONS = YES;
				CLANG_WARN_DIRECT_OBJC_ISA_USAGE = YES_ERROR;
				CLANG_WARN_DOCUMENTATION_COMMENTS = YES;
				CLANG_WARN_EMPTY_BODY = YES;
				CLANG_WARN_ENUM_CONVERSION = YES;
				CLANG_WARN_INFINITE_RECURSION = YES;
				CLANG_WARN_INT_CONVERSION = YES;
				CLANG_WARN_NON_LITERAL_NULL_CONVERSION = YES;
				CLANG_WARN_OBJC_IMPLICIT_RETAIN_SELF = YES;
				CLANG_WARN_OBJC_LITERAL_CONVERSION = YES;
				CLANG_WARN_OBJC_ROOT_CLASS = YES_ERROR;
				CLANG_WARN_QUOTED_INCLUDE_IN_FRAMEWORK_HEADER = YES;
				CLANG_WARN_RANGE_LOOP_ANALYSIS = YES;
				CLANG_WARN_STRICT_PROTOTYPES = YES;
				CLANG_WARN_SUSPICIOUS_MOVE = YES;
				CLANG_WARN_UNGUARDED_AVAILABILITY = YES_AGGRESSIVE;
				CLANG_WARN_UNREACHABLE_CODE = YES;
				CLANG_WARN__DUPLICATE_METHOD_MATCH = YES;
				COPY_PHASE_STRIP = NO;
				DEBUG_INFORMATION_FORMAT = "dwarf-with-dsym";
				ENABLE_NS_ASSERTIONS = NO;
				ENABLE_STRICT_OBJC_MSGSEND = YES;
				ENABLE_USER_SCRIPT_SANDBOXING = YES;
				GCC_C_LANGUAGE_STANDARD = gnu17;
				GCC_NO_COMMON_BLOCKS = YES;
				GCC_WARN_64_TO_32_BIT_CONVERSION = YES;
				GCC_WARN_ABOUT_RETURN_TYPE = YES_ERROR;
				GCC_WARN_UNDECLARED_SELECTOR = YES;
				GCC_WARN_UNINITIALIZED_AUTOS = YES_AGGRESSIVE;
				GCC_WARN_UNUSED_FUNCTION = YES;
				GCC_WARN_UNUSED_VARIABLE = YES;
				IPHONEOS_DEPLOYMENT_TARGET = 17.5;
				LOCALIZATION_PREFERS_STRING_CATALOGS = YES;
				MTL_ENABLE_DEBUG_INFO = NO;
				MTL_FAST_MATH = YES;
				SDKROOT = iphoneos;
				SWIFT_COMPILATION_MODE = wholemodule;
				SWIFT_EMIT_LOC_STRINGS = YES;
				VALIDATE_PRODUCT = YES;
			};
			name = Release;
		};
		00636AA42C9942E9002EB702 /* Debug */ = {
			isa = XCBuildConfiguration;
			buildSettings = {
				ASSETCATALOG_COMPILER_APPICON_NAME = AppIcon;
				ASSETCATALOG_COMPILER_GLOBAL_ACCENT_COLOR_NAME = AccentColor;
				CODE_SIGN_STYLE = Automatic;
				CURRENT_PROJECT_VERSION = 1;
				DEVELOPMENT_ASSET_PATHS = "\"Moodiary/Preview Content\"";
				DEVELOPMENT_TEAM = S5J5NV64CQ;
				ENABLE_PREVIEWS = YES;
				GENERATE_INFOPLIST_FILE = YES;
				INFOPLIST_FILE = Moodiary/Info.plist;
				INFOPLIST_KEY_UIApplicationSceneManifest_Generation = YES;
				INFOPLIST_KEY_UIApplicationSupportsIndirectInputEvents = YES;
				INFOPLIST_KEY_UILaunchScreen_Generation = YES;
				INFOPLIST_KEY_UISupportedInterfaceOrientations_iPad = "UIInterfaceOrientationPortrait UIInterfaceOrientationPortraitUpsideDown UIInterfaceOrientationLandscapeLeft UIInterfaceOrientationLandscapeRight";
				INFOPLIST_KEY_UISupportedInterfaceOrientations_iPhone = "UIInterfaceOrientationPortrait UIInterfaceOrientationLandscapeLeft UIInterfaceOrientationLandscapeRight";
				IPHONEOS_DEPLOYMENT_TARGET = 17.5;
				LD_RUNPATH_SEARCH_PATHS = (
					"$(inherited)",
					"@executable_path/Frameworks",
				);
				MARKETING_VERSION = 1.0;
				PRODUCT_BUNDLE_IDENTIFIER = com.F1reC.Moodiary;
				PRODUCT_NAME = "$(TARGET_NAME)";
				SWIFT_EMIT_LOC_STRINGS = YES;
				SWIFT_VERSION = 5.0;
				TARGETED_DEVICE_FAMILY = "1,2";
			};
			name = Debug;
		};
		00636AA52C9942E9002EB702 /* Release */ = {
			isa = XCBuildConfiguration;
			buildSettings = {
				ASSETCATALOG_COMPILER_APPICON_NAME = AppIcon;
				ASSETCATALOG_COMPILER_GLOBAL_ACCENT_COLOR_NAME = AccentColor;
				CODE_SIGN_STYLE = Automatic;
				CURRENT_PROJECT_VERSION = 1;
				DEVELOPMENT_ASSET_PATHS = "\"Moodiary/Preview Content\"";
				DEVELOPMENT_TEAM = S5J5NV64CQ;
				ENABLE_PREVIEWS = YES;
				GENERATE_INFOPLIST_FILE = YES;
				INFOPLIST_FILE = Moodiary/Info.plist;
				INFOPLIST_KEY_UIApplicationSceneManifest_Generation = YES;
				INFOPLIST_KEY_UIApplicationSupportsIndirectInputEvents = YES;
				INFOPLIST_KEY_UILaunchScreen_Generation = YES;
				INFOPLIST_KEY_UISupportedInterfaceOrientations_iPad = "UIInterfaceOrientationPortrait UIInterfaceOrientationPortraitUpsideDown UIInterfaceOrientationLandscapeLeft UIInterfaceOrientationLandscapeRight";
				INFOPLIST_KEY_UISupportedInterfaceOrientations_iPhone = "UIInterfaceOrientationPortrait UIInterfaceOrientationLandscapeLeft UIInterfaceOrientationLandscapeRight";
				IPHONEOS_DEPLOYMENT_TARGET = 17.5;
				LD_RUNPATH_SEARCH_PATHS = (
					"$(inherited)",
					"@executable_path/Frameworks",
				);
				MARKETING_VERSION = 1.0;
				PRODUCT_BUNDLE_IDENTIFIER = com.F1reC.Moodiary;
				PRODUCT_NAME = "$(TARGET_NAME)";
				SWIFT_EMIT_LOC_STRINGS = YES;
				SWIFT_VERSION = 5.0;
				TARGETED_DEVICE_FAMILY = "1,2";
			};
			name = Release;
		};
/* End XCBuildConfiguration section */

/* Begin XCConfigurationList section */
		00636A8E2C9942E7002EB702 /* Build configuration list for PBXProject "Moodiary" */ = {
			isa = XCConfigurationList;
			buildConfigurations = (
				00636AA12C9942E9002EB702 /* Debug */,
				00636AA22C9942E9002EB702 /* Release */,
			);
			defaultConfigurationIsVisible = 0;
			defaultConfigurationName = Release;
		};
		00636AA32C9942E9002EB702 /* Build configuration list for PBXNativeTarget "Moodiary" */ = {
			isa = XCConfigurationList;
			buildConfigurations = (
				00636AA42C9942E9002EB702 /* Debug */,
				00636AA52C9942E9002EB702 /* Release */,
			);
			defaultConfigurationIsVisible = 0;
			defaultConfigurationName = Release;
		};
/* End XCConfigurationList section */

/* Begin XCRemoteSwiftPackageReference section */
		00C643052CC92CAE00156FB1 /* XCRemoteSwiftPackageReference "Moya" */ = {
			isa = XCRemoteSwiftPackageReference;
			repositoryURL = "https://github.com/Moya/Moya.git";
			requirement = {
				kind = upToNextMajorVersion;
				minimumVersion = 15.0.3;
			};
		};
/* End XCRemoteSwiftPackageReference section */

/* Begin XCSwiftPackageProductDependency section */
		00C643062CC92CAE00156FB1 /* CombineMoya */ = {
			isa = XCSwiftPackageProductDependency;
			package = 00C643052CC92CAE00156FB1 /* XCRemoteSwiftPackageReference "Moya" */;
			productName = CombineMoya;
		};
		00C643082CC92CAE00156FB1 /* Moya */ = {
			isa = XCSwiftPackageProductDependency;
			package = 00C643052CC92CAE00156FB1 /* XCRemoteSwiftPackageReference "Moya" */;
			productName = Moya;
		};
		00C6430A2CC92CAE00156FB1 /* ReactiveMoya */ = {
			isa = XCSwiftPackageProductDependency;
			package = 00C643052CC92CAE00156FB1 /* XCRemoteSwiftPackageReference "Moya" */;
			productName = ReactiveMoya;
		};
		00C6430C2CC92CAE00156FB1 /* RxMoya */ = {
			isa = XCSwiftPackageProductDependency;
			package = 00C643052CC92CAE00156FB1 /* XCRemoteSwiftPackageReference "Moya" */;
			productName = RxMoya;
		};
/* End XCSwiftPackageProductDependency section */
	};
	rootObject = 00636A8B2C9942E7002EB702 /* Project object */;
}
